
Microsoft Visual Studio Solution File, Format Version 12.00
# Visual Studio Version 17
VisualStudioVersion = 17.14.36414.22 d17.14
MinimumVisualStudioVersion = 10.0.40219.1
Project("{FAE04EC0-301F-11D3-BF4B-00C04F79EFBC}") = "lms-dotnetcore", "lms-dotnetcore\lms-dotnetcore.csproj", "{D4E5E646-D2B9-437C-9864-983F1EA3C761}"
EndProject
Global
	GlobalSection(SolutionConfigurationPlatforms) = preSolution
		Debug|Any CPU = Debug|Any CPU
		Release|Any CPU = Release|Any CPU
	EndGlobalSection
	GlobalSection(ProjectConfigurationPlatforms) = postSolution
		{D4E5E646-D2B9-437C-9864-983F1EA3C761}.Debug|Any CPU.ActiveCfg = Debug|Any CPU
		{D4E5E646-D2B9-437C-9864-983F1EA3C761}.Debug|Any CPU.Build.0 = Debug|Any CPU
		{D4E5E646-D2B9-437C-9864-983F1EA3C761}.Release|Any CPU.ActiveCfg = Release|Any CPU
		{D4E5E646-D2B9-437C-9864-983F1EA3C761}.Release|Any CPU.Build.0 = Release|Any CPU
	EndGlobalSection
	GlobalSection(SolutionProperties) = preSolution
		HideSolutionNode = FALSE
	EndGlobalSection
	GlobalSection(ExtensibilityGlobals) = postSolution
		SolutionGuid = {EB82E554-E0B2-4A12-9FE2-A6A77B882AF6}
	EndGlobalSection
EndGlobal
